
Microsoft Visual Studio Solution File, Format Version 12.00
# Visual Studio Version 17
VisualStudioVersion = 17.5.33414.496
MinimumVisualStudioVersion = 10.0.40219.1
Project("{9A19103F-16F7-4668-BE54-9A1E7A4F7556}") = "ChatGPTSharp", "ChatGPTSharp\ChatGPTSharp.csproj", "{774980D4-D5CF-4CAD-A0E8-AB8B4A59E5E5}"
EndProject
Project("{9A19103F-16F7-4668-BE54-9A1E7A4F7556}") = "ChatGPTSharp.Sample", "ChatGPTSharp.Sample\ChatGPTSharp.Sample.csproj", "{B7E1CE6F-D28E-432A-89CD-183D14EA6A56}"
EndProject
Project("{9A19103F-16F7-4668-BE54-9A1E7A4F7556}") = "TiktokenSharp", "TiktokenSharp\TiktokenSharp\TiktokenSharp.csproj", "{54B50D31-17D1-4626-8FB2-AAB5EB80E183}"
EndProject
Project("{9A19103F-16F7-4668-BE54-9A1E7A4F7556}") = "TiktokenSharp.Test", "TiktokenSharp\TiktokenSharp.Test\TiktokenSharp.Test.csproj", "{5A418755-072F-4077-B15F-3A0B613F138E}"
EndProject
Global
	GlobalSection(SolutionConfigurationPlatforms) = preSolution
		Debug|Any CPU = Debug|Any CPU
		Release|Any CPU = Release|Any CPU
	EndGlobalSection
	GlobalSection(ProjectConfigurationPlatforms) = postSolution
		{774980D4-D5CF-4CAD-A0E8-AB8B4A59E5E5}.Debug|Any CPU.ActiveCfg = Debug|Any CPU
		{774980D4-D5CF-4CAD-A0E8-AB8B4A59E5E5}.Debug|Any CPU.Build.0 = Debug|Any CPU
		{774980D4-D5CF-4CAD-A0E8-AB8B4A59E5E5}.Release|Any CPU.ActiveCfg = Release|Any CPU
		{774980D4-D5CF-4CAD-A0E8-AB8B4A59E5E5}.Release|Any CPU.Build.0 = Release|Any CPU
		{B7E1CE6F-D28E-432A-89CD-183D14EA6A56}.Debug|Any CPU.ActiveCfg = Debug|Any CPU
		{B7E1CE6F-D28E-432A-89CD-183D14EA6A56}.Debug|Any CPU.Build.0 = Debug|Any CPU
		{B7E1CE6F-D28E-432A-89CD-183D14EA6A56}.Release|Any CPU.ActiveCfg = Release|Any CPU
		{B7E1CE6F-D28E-432A-89CD-183D14EA6A56}.Release|Any CPU.Build.0 = Release|Any CPU
		{54B50D31-17D1-4626-8FB2-AAB5EB80E183}.Debug|Any CPU.ActiveCfg = Debug|Any CPU
		{54B50D31-17D1-4626-8FB2-AAB5EB80E183}.Debug|Any CPU.Build.0 = Debug|Any CPU
		{54B50D31-17D1-4626-8FB2-AAB5EB80E183}.Release|Any CPU.ActiveCfg = Release|Any CPU
		{54B50D31-17D1-4626-8FB2-AAB5EB80E183}.Release|Any CPU.Build.0 = Release|Any CPU
		{5A418755-072F-4077-B15F-3A0B613F138E}.Debug|Any CPU.ActiveCfg = Debug|Any CPU
		{5A418755-072F-4077-B15F-3A0B613F138E}.Debug|Any CPU.Build.0 = Debug|Any CPU
		{5A418755-072F-4077-B15F-3A0B613F138E}.Release|Any CPU.ActiveCfg = Release|Any CPU
		{5A418755-072F-4077-B15F-3A0B613F138E}.Release|Any CPU.Build.0 = Release|Any CPU
	EndGlobalSection
	GlobalSection(SolutionProperties) = preSolution
		HideSolutionNode = FALSE
	EndGlobalSection
	GlobalSection(ExtensibilityGlobals) = postSolution
		SolutionGuid = {73E8AEAD-FE1E-494D-A0B3-B7CCDB58BEBC}
	EndGlobalSection
EndGlobal
